
Microsoft Visual Studio Solution File, Format Version 12.00
# Visual Studio Version 17
VisualStudioVersion = 17.0.31912.275
MinimumVisualStudioVersion = 10.0.40219.1
Project("{FAE04EC0-301F-11D3-BF4B-00C04F79EFBC}") = "SignReplacementLaredo", "SignReplacementLaredo\SignReplacementLaredo.csproj", "{03C1A768-2003-4E54-8B54-25F14F194A76}"
EndProject
Global
	GlobalSection(SolutionConfigurationPlatforms) = preSolution
		Debug|Any CPU = Debug|Any CPU
		Release|Any CPU = Release|Any CPU
	EndGlobalSection
	GlobalSection(ProjectConfigurationPlatforms) = postSolution
		{03C1A768-2003-4E54-8B54-25F14F194A76}.Debug|Any CPU.ActiveCfg = Debug|Any CPU
		{03C1A768-2003-4E54-8B54-25F14F194A76}.Debug|Any CPU.Build.0 = Debug|Any CPU
		{03C1A768-2003-4E54-8B54-25F14F194A76}.Release|Any CPU.ActiveCfg = Release|Any CPU
		{03C1A768-2003-4E54-8B54-25F14F194A76}.Release|Any CPU.Build.0 = Release|Any CPU
	EndGlobalSection
	GlobalSection(SolutionProperties) = preSolution
		HideSolutionNode = FALSE
	EndGlobalSection
	GlobalSection(ExtensibilityGlobals) = postSolution
		SolutionGuid = {0F1141D1-F5F1-4832-B915-8387F15AE924}
	EndGlobalSection
EndGlobal
